// !$*UTF8*$!
{
	archiveVersion = 1;
	classes = {
	};
	objectVersion = 55;
	objects = {

/* Begin PBXBuildFile section */
		21070C1E275EF061008CE7AF /* image4.png in Resources */ = {isa = PBXBuildFile; fileRef = 21070C1D275EF061008CE7AF /* image4.png */; };
		21A8BCE02757508500F7BD54 /* LandingViewController.swift in Sources */ = {isa = PBXBuildFile; fileRef = 21A8BCDF2757508500F7BD54 /* LandingViewController.swift */; };
		21A8BCE2275752CD00F7BD54 /* SettingsViewController.swift in Sources */ = {isa = PBXBuildFile; fileRef = 21A8BCE1275752CD00F7BD54 /* SettingsViewController.swift */; };
		21A8BCE4275755E300F7BD54 /* Line.swift in Sources */ = {isa = PBXBuildFile; fileRef = 21A8BCE3275755E300F7BD54 /* Line.swift */; };
		21A8BCE92757584500F7BD54 /* Constants.swift in Sources */ = {isa = PBXBuildFile; fileRef = 21A8BCE82757584500F7BD54 /* Constants.swift */; };
		21A8BCED27575CAB00F7BD54 /* LineTableViewCellArchived.swift in Sources */ = {isa = PBXBuildFile; fileRef = 21A8BCEB27575CAB00F7BD54 /* LineTableViewCellArchived.swift */; };
		21A8BCEE27575CAB00F7BD54 /* LineTableViewCell.xib in Resources */ = {isa = PBXBuildFile; fileRef = 21A8BCEC27575CAB00F7BD54 /* LineTableViewCell.xib */; };
		21A8BD352758AD1900F7BD54 /* BounceButton.swift in Sources */ = {isa = PBXBuildFile; fileRef = 21A8BD342758AD1900F7BD54 /* BounceButton.swift */; };
		21A8BD372758AF2E00F7BD54 /* LineTableViewCell.swift in Sources */ = {isa = PBXBuildFile; fileRef = 21A8BD362758AF2E00F7BD54 /* LineTableViewCell.swift */; };
		21A8BD3B2758BCE700F7BD54 /* LineViewModel.swift in Sources */ = {isa = PBXBuildFile; fileRef = 21A8BD3A2758BCE700F7BD54 /* LineViewModel.swift */; };
		21A8BD3E2759C40200F7BD54 /* GameManager.swift in Sources */ = {isa = PBXBuildFile; fileRef = 21A8BD3D2759C40200F7BD54 /* GameManager.swift */; };
		21A8BD402759F5CB00F7BD54 /* README.md in Resources */ = {isa = PBXBuildFile; fileRef = 21A8BD3F2759F5CB00F7BD54 /* README.md */; };
		21A8BD42275ACF9F00F7BD54 /* Game.swift in Sources */ = {isa = PBXBuildFile; fileRef = 21A8BD41275ACF9F00F7BD54 /* Game.swift */; };
		21A8BD44275AD59A00F7BD54 /* GameViewModel.swift in Sources */ = {isa = PBXBuildFile; fileRef = 21A8BD43275AD59A00F7BD54 /* GameViewModel.swift */; };
		21A8BDB5275C03D300F7BD54 /* MockURLSession.swift in Sources */ = {isa = PBXBuildFile; fileRef = 21A8BDB4275C03D300F7BD54 /* MockURLSession.swift */; };
		21A8BDBC275C0FE200F7BD54 /* image2.png in Resources */ = {isa = PBXBuildFile; fileRef = 21A8BDB8275C0FE100F7BD54 /* image2.png */; };
		21A8BDBD275C0FE200F7BD54 /* image3.png in Resources */ = {isa = PBXBuildFile; fileRef = 21A8BDB9275C0FE100F7BD54 /* image3.png */; };
		21A8BDBE275C0FE200F7BD54 /* image1.png in Resources */ = {isa = PBXBuildFile; fileRef = 21A8BDBA275C0FE100F7BD54 /* image1.png */; };
		21A8BDE6275DEFB400F7BD54 /* Position.swift in Sources */ = {isa = PBXBuildFile; fileRef = 21A8BDE5275DEFB400F7BD54 /* Position.swift */; };
		21E0568927572B6600AA01A7 /* AppDelegate.swift in Sources */ = {isa = PBXBuildFile; fileRef = 21E0568827572B6600AA01A7 /* AppDelegate.swift */; };
		21E0568B27572B6600AA01A7 /* SceneDelegate.swift in Sources */ = {isa = PBXBuildFile; fileRef = 21E0568A27572B6600AA01A7 /* SceneDelegate.swift */; };
		21E0568D27572B6600AA01A7 /* MainViewController.swift in Sources */ = {isa = PBXBuildFile; fileRef = 21E0568C27572B6600AA01A7 /* MainViewController.swift */; };
		21E0569027572B6600AA01A7 /* Main.storyboard in Resources */ = {isa = PBXBuildFile; fileRef = 21E0568E27572B6600AA01A7 /* Main.storyboard */; };
		21E0569227572B6700AA01A7 /* Assets.xcassets in Resources */ = {isa = PBXBuildFile; fileRef = 21E0569127572B6700AA01A7 /* Assets.xcassets */; };
		21E0569527572B6700AA01A7 /* LaunchScreen.storyboard in Resources */ = {isa = PBXBuildFile; fileRef = 21E0569327572B6700AA01A7 /* LaunchScreen.storyboard */; };
		21E056A027572B6800AA01A7 /* TheGameAppTests.swift in Sources */ = {isa = PBXBuildFile; fileRef = 21E0569F27572B6800AA01A7 /* TheGameAppTests.swift */; };
		21E056AA27572B6800AA01A7 /* TheGameAppUITests.swift in Sources */ = {isa = PBXBuildFile; fileRef = 21E056A927572B6800AA01A7 /* TheGameAppUITests.swift */; };
		21E056AC27572B6800AA01A7 /* TheGameAppUITestsLaunchTests.swift in Sources */ = {isa = PBXBuildFile; fileRef = 21E056AB27572B6800AA01A7 /* TheGameAppUITestsLaunchTests.swift */; };
		21E056B927572F0E00AA01A7 /* APICaller.swift in Sources */ = {isa = PBXBuildFile; fileRef = 21E056B827572F0E00AA01A7 /* APICaller.swift */; };
		6ADF9A562135A05CB3484188 /* Pods_TheGameApp_TheGameAppUITests.framework in Frameworks */ = {isa = PBXBuildFile; fileRef = E8C570E1FF77B64302EEE0A1 /* Pods_TheGameApp_TheGameAppUITests.framework */; };
		86B0D3BFC8B8980A9AAE4A87 /* Pods_TheGameApp.framework in Frameworks */ = {isa = PBXBuildFile; fileRef = BBD5A3064E82F06AB4E97E94 /* Pods_TheGameApp.framework */; };
		AE555FE41D5778F5DC7901FD /* Pods_TheGameAppTests.framework in Frameworks */ = {isa = PBXBuildFile; fileRef = B0445DC4F55D61D850EADE6C /* Pods_TheGameAppTests.framework */; };
/* End PBXBuildFile section */

/* Begin PBXContainerItemProxy section */
		21E0569C27572B6800AA01A7 /* PBXContainerItemProxy */ = {
			isa = PBXContainerItemProxy;
			containerPortal = 21E0567D27572B6600AA01A7 /* Project object */;
			proxyType = 1;
			remoteGlobalIDString = 21E0568427572B6600AA01A7;
			remoteInfo = TheGameApp;
		};
		21E056A627572B6800AA01A7 /* PBXContainerItemProxy */ = {
			isa = PBXContainerItemProxy;
			containerPortal = 21E0567D27572B6600AA01A7 /* Project object */;
			proxyType = 1;
			remoteGlobalIDString = 21E0568427572B6600AA01A7;
			remoteInfo = TheGameApp;
		};
/* End PBXContainerItemProxy section */

/* Begin PBXFileReference section */
		20344977BD6BA99C9ADFE49E /* Pods-TheGameAppTests.release.xcconfig */ = {isa = PBXFileReference; includeInIndex = 1; lastKnownFileType = text.xcconfig; name = "Pods-TheGameAppTests.release.xcconfig"; path = "Target Support Files/Pods-TheGameAppTests/Pods-TheGameAppTests.release.xcconfig"; sourceTree = "<group>"; };
		21070C1D275EF061008CE7AF /* image4.png */ = {isa = PBXFileReference; lastKnownFileType = image.png; path = image4.png; sourceTree = "<group>"; };
		21A8BCDF2757508500F7BD54 /* LandingViewController.swift */ = {isa = PBXFileReference; lastKnownFileType = sourcecode.swift; path = LandingViewController.swift; sourceTree = "<group>"; };
		21A8BCE1275752CD00F7BD54 /* SettingsViewController.swift */ = {isa = PBXFileReference; lastKnownFileType = sourcecode.swift; path = SettingsViewController.swift; sourceTree = "<group>"; };
		21A8BCE3275755E300F7BD54 /* Line.swift */ = {isa = PBXFileReference; lastKnownFileType = sourcecode.swift; path = Line.swift; sourceTree = "<group>"; };
		21A8BCE82757584500F7BD54 /* Constants.swift */ = {isa = PBXFileReference; lastKnownFileType = sourcecode.swift; path = Constants.swift; sourceTree = "<group>"; };
		21A8BCEB27575CAB00F7BD54 /* LineTableViewCellArchived.swift */ = {isa = PBXFileReference; lastKnownFileType = sourcecode.swift; path = LineTableViewCellArchived.swift; sourceTree = "<group>"; };
		21A8BCEC27575CAB00F7BD54 /* LineTableViewCell.xib */ = {isa = PBXFileReference; lastKnownFileType = file.xib; path = LineTableViewCell.xib; sourceTree = "<group>"; };
		21A8BD342758AD1900F7BD54 /* BounceButton.swift */ = {isa = PBXFileReference; lastKnownFileType = sourcecode.swift; path = BounceButton.swift; sourceTree = "<group>"; };
		21A8BD362758AF2E00F7BD54 /* LineTableViewCell.swift */ = {isa = PBXFileReference; lastKnownFileType = sourcecode.swift; path = LineTableViewCell.swift; sourceTree = "<group>"; };
		21A8BD3A2758BCE700F7BD54 /* LineViewModel.swift */ = {isa = PBXFileReference; lastKnownFileType = sourcecode.swift; path = LineViewModel.swift; sourceTree = "<group>"; };
		21A8BD3D2759C40200F7BD54 /* GameManager.swift */ = {isa = PBXFileReference; lastKnownFileType = sourcecode.swift; path = GameManager.swift; sourceTree = "<group>"; };
		21A8BD3F2759F5CB00F7BD54 /* README.md */ = {isa = PBXFileReference; lastKnownFileType = net.daringfireball.markdown; path = README.md; sourceTree = "<group>"; };
		21A8BD41275ACF9F00F7BD54 /* Game.swift */ = {isa = PBXFileReference; lastKnownFileType = sourcecode.swift; path = Game.swift; sourceTree = "<group>"; };
		21A8BD43275AD59A00F7BD54 /* GameViewModel.swift */ = {isa = PBXFileReference; lastKnownFileType = sourcecode.swift; path = GameViewModel.swift; sourceTree = "<group>"; };
		21A8BDB4275C03D300F7BD54 /* MockURLSession.swift */ = {isa = PBXFileReference; lastKnownFileType = sourcecode.swift; path = MockURLSession.swift; sourceTree = "<group>"; };
		21A8BDB8275C0FE100F7BD54 /* image2.png */ = {isa = PBXFileReference; lastKnownFileType = image.png; path = image2.png; sourceTree = "<group>"; };
		21A8BDB9275C0FE100F7BD54 /* image3.png */ = {isa = PBXFileReference; lastKnownFileType = image.png; path = image3.png; sourceTree = "<group>"; };
		21A8BDBA275C0FE100F7BD54 /* image1.png */ = {isa = PBXFileReference; lastKnownFileType = image.png; path = image1.png; sourceTree = "<group>"; };
		21A8BDE5275DEFB400F7BD54 /* Position.swift */ = {isa = PBXFileReference; lastKnownFileType = sourcecode.swift; path = Position.swift; sourceTree = "<group>"; };
		21E0568527572B6600AA01A7 /* TheGameApp.app */ = {isa = PBXFileReference; explicitFileType = wrapper.application; includeInIndex = 0; path = TheGameApp.app; sourceTree = BUILT_PRODUCTS_DIR; };
		21E0568827572B6600AA01A7 /* AppDelegate.swift */ = {isa = PBXFileReference; lastKnownFileType = sourcecode.swift; path = AppDelegate.swift; sourceTree = "<group>"; };
		21E0568A27572B6600AA01A7 /* SceneDelegate.swift */ = {isa = PBXFileReference; lastKnownFileType = sourcecode.swift; path = SceneDelegate.swift; sourceTree = "<group>"; };
		21E0568C27572B6600AA01A7 /* MainViewController.swift */ = {isa = PBXFileReference; lastKnownFileType = sourcecode.swift; path = MainViewController.swift; sourceTree = "<group>"; };
		21E0568F27572B6600AA01A7 /* Base */ = {isa = PBXFileReference; lastKnownFileType = file.storyboard; name = Base; path = Base.lproj/Main.storyboard; sourceTree = "<group>"; };
		21E0569127572B6700AA01A7 /* Assets.xcassets */ = {isa = PBXFileReference; lastKnownFileType = folder.assetcatalog; path = Assets.xcassets; sourceTree = "<group>"; };
		21E0569427572B6700AA01A7 /* Base */ = {isa = PBXFileReference; lastKnownFileType = file.storyboard; name = Base; path = Base.lproj/LaunchScreen.storyboard; sourceTree = "<group>"; };
		21E0569627572B6700AA01A7 /* Info.plist */ = {isa = PBXFileReference; lastKnownFileType = text.plist.xml; path = Info.plist; sourceTree = "<group>"; };
		21E0569B27572B6800AA01A7 /* TheGameAppTests.xctest */ = {isa = PBXFileReference; explicitFileType = wrapper.cfbundle; includeInIndex = 0; path = TheGameAppTests.xctest; sourceTree = BUILT_PRODUCTS_DIR; };
		21E0569F27572B6800AA01A7 /* TheGameAppTests.swift */ = {isa = PBXFileReference; lastKnownFileType = sourcecode.swift; path = TheGameAppTests.swift; sourceTree = "<group>"; };
		21E056A527572B6800AA01A7 /* TheGameAppUITests.xctest */ = {isa = PBXFileReference; explicitFileType = wrapper.cfbundle; includeInIndex = 0; path = TheGameAppUITests.xctest; sourceTree = BUILT_PRODUCTS_DIR; };
		21E056A927572B6800AA01A7 /* TheGameAppUITests.swift */ = {isa = PBXFileReference; lastKnownFileType = sourcecode.swift; path = TheGameAppUITests.swift; sourceTree = "<group>"; };
		21E056AB27572B6800AA01A7 /* TheGameAppUITestsLaunchTests.swift */ = {isa = PBXFileReference; lastKnownFileType = sourcecode.swift; path = TheGameAppUITestsLaunchTests.swift; sourceTree = "<group>"; };
		21E056B827572F0E00AA01A7 /* APICaller.swift */ = {isa = PBXFileReference; lastKnownFileType = sourcecode.swift; path = APICaller.swift; sourceTree = "<group>"; };
		97F552C6C785C33CEEDA0129 /* Pods-TheGameAppTests.debug.xcconfig */ = {isa = PBXFileReference; includeInIndex = 1; lastKnownFileType = text.xcconfig; name = "Pods-TheGameAppTests.debug.xcconfig"; path = "Target Support Files/Pods-TheGameAppTests/Pods-TheGameAppTests.debug.xcconfig"; sourceTree = "<group>"; };
		ABA6B13DF20FE9A80AACA4CF /* Pods-TheGameApp-TheGameAppUITests.release.xcconfig */ = {isa = PBXFileReference; includeInIndex = 1; lastKnownFileType = text.xcconfig; name = "Pods-TheGameApp-TheGameAppUITests.release.xcconfig"; path = "Target Support Files/Pods-TheGameApp-TheGameAppUITests/Pods-TheGameApp-TheGameAppUITests.release.xcconfig"; sourceTree = "<group>"; };
		B0445DC4F55D61D850EADE6C /* Pods_TheGameAppTests.framework */ = {isa = PBXFileReference; explicitFileType = wrapper.framework; includeInIndex = 0; path = Pods_TheGameAppTests.framework; sourceTree = BUILT_PRODUCTS_DIR; };
		B1058C95F184FE3CA71723D7 /* Pods-TheGameApp.release.xcconfig */ = {isa = PBXFileReference; includeInIndex = 1; lastKnownFileType = text.xcconfig; name = "Pods-TheGameApp.release.xcconfig"; path = "Target Support Files/Pods-TheGameApp/Pods-TheGameApp.release.xcconfig"; sourceTree = "<group>"; };
		BBD5A3064E82F06AB4E97E94 /* Pods_TheGameApp.framework */ = {isa = PBXFileReference; explicitFileType = wrapper.framework; includeInIndex = 0; path = Pods_TheGameApp.framework; sourceTree = BUILT_PRODUCTS_DIR; };
		C1F78D561E56386E571CE761 /* Pods-TheGameApp-TheGameAppUITests.debug.xcconfig */ = {isa = PBXFileReference; includeInIndex = 1; lastKnownFileType = text.xcconfig; name = "Pods-TheGameApp-TheGameAppUITests.debug.xcconfig"; path = "Target Support Files/Pods-TheGameApp-TheGameAppUITests/Pods-TheGameApp-TheGameAppUITests.debug.xcconfig"; sourceTree = "<group>"; };
		DBABD4C47D04AD837C086997 /* Pods-TheGameApp.debug.xcconfig */ = {isa = PBXFileReference; includeInIndex = 1; lastKnownFileType = text.xcconfig; name = "Pods-TheGameApp.debug.xcconfig"; path = "Target Support Files/Pods-TheGameApp/Pods-TheGameApp.debug.xcconfig"; sourceTree = "<group>"; };
		E8C570E1FF77B64302EEE0A1 /* Pods_TheGameApp_TheGameAppUITests.framework */ = {isa = PBXFileReference; explicitFileType = wrapper.framework; includeInIndex = 0; path = Pods_TheGameApp_TheGameAppUITests.framework; sourceTree = BUILT_PRODUCTS_DIR; };
/* End PBXFileReference section */

/* Begin PBXFrameworksBuildPhase section */
		21E0568227572B6600AA01A7 /* Frameworks */ = {
			isa = PBXFrameworksBuildPhase;
			buildActionMask = 2147483647;
			files = (
				86B0D3BFC8B8980A9AAE4A87 /* Pods_TheGameApp.framework in Frameworks */,
			);
			runOnlyForDeploymentPostprocessing = 0;
		};
		21E0569827572B6800AA01A7 /* Frameworks */ = {
			isa = PBXFrameworksBuildPhase;
			buildActionMask = 2147483647;
			files = (
				AE555FE41D5778F5DC7901FD /* Pods_TheGameAppTests.framework in Frameworks */,
			);
			runOnlyForDeploymentPostprocessing = 0;
		};
		21E056A227572B6800AA01A7 /* Frameworks */ = {
			isa = PBXFrameworksBuildPhase;
			buildActionMask = 2147483647;
			files = (
				6ADF9A562135A05CB3484188 /* Pods_TheGameApp_TheGameAppUITests.framework in Frameworks */,
			);
			runOnlyForDeploymentPostprocessing = 0;
		};
/* End PBXFrameworksBuildPhase section */

/* Begin PBXGroup section */
		21A8BCDD27574F4E00F7BD54 /* Controllers */ = {
			isa = PBXGroup;
			children = (
				21A8BCDF2757508500F7BD54 /* LandingViewController.swift */,
				21A8BCE1275752CD00F7BD54 /* SettingsViewController.swift */,
				21E0568C27572B6600AA01A7 /* MainViewController.swift */,
			);
			path = Controllers;
			sourceTree = "<group>";
		};
		21A8BCDE27574FFA00F7BD54 /* Model */ = {
			isa = PBXGroup;
			children = (
				21A8BCE3275755E300F7BD54 /* Line.swift */,
				21A8BD41275ACF9F00F7BD54 /* Game.swift */,
				21A8BDE5275DEFB400F7BD54 /* Position.swift */,
			);
			path = Model;
			sourceTree = "<group>";
		};
		21A8BCE52757582500F7BD54 /* Constants */ = {
			isa = PBXGroup;
			children = (
				21A8BCE82757584500F7BD54 /* Constants.swift */,
			);
			path = Constants;
			sourceTree = "<group>";
		};
		21A8BCEA27575C6400F7BD54 /* Views */ = {
			isa = PBXGroup;
			children = (
				21E0568E27572B6600AA01A7 /* Main.storyboard */,
				21E0569327572B6700AA01A7 /* LaunchScreen.storyboard */,
				21A8BD362758AF2E00F7BD54 /* LineTableViewCell.swift */,
				21A8BD382758B76C00F7BD54 /* xibArchived */,
			);
			path = Views;
			sourceTree = "<group>";
		};
		21A8BD332758AD0200F7BD54 /* Custom Controls */ = {
			isa = PBXGroup;
			children = (
				21A8BD342758AD1900F7BD54 /* BounceButton.swift */,
			);
			path = "Custom Controls";
			sourceTree = "<group>";
		};
		21A8BD382758B76C00F7BD54 /* xibArchived */ = {
			isa = PBXGroup;
			children = (
				21A8BCEB27575CAB00F7BD54 /* LineTableViewCellArchived.swift */,
				21A8BCEC27575CAB00F7BD54 /* LineTableViewCell.xib */,
			);
			path = xibArchived;
			sourceTree = "<group>";
		};
		21A8BD392758BCA800F7BD54 /* ViewModel */ = {
			isa = PBXGroup;
			children = (
				21A8BD3A2758BCE700F7BD54 /* LineViewModel.swift */,
				21A8BD43275AD59A00F7BD54 /* GameViewModel.swift */,
			);
			path = ViewModel;
			sourceTree = "<group>";
		};
		21A8BD3C2759C3F000F7BD54 /* GameManager */ = {
			isa = PBXGroup;
			children = (
				21A8BD3D2759C40200F7BD54 /* GameManager.swift */,
			);
			path = GameManager;
			sourceTree = "<group>";
		};
		21A8BDB7275C0E8B00F7BD54 /* Images */ = {
			isa = PBXGroup;
			children = (
				21A8BDBA275C0FE100F7BD54 /* image1.png */,
				21A8BDB8275C0FE100F7BD54 /* image2.png */,
				21A8BDB9275C0FE100F7BD54 /* image3.png */,
				21070C1D275EF061008CE7AF /* image4.png */,
			);
			path = Images;
			sourceTree = "<group>";
		};
		21A8BDE4275DD32800F7BD54 /* Supporting Files */ = {
			isa = PBXGroup;
			children = (
				21E0568827572B6600AA01A7 /* AppDelegate.swift */,
				21E0568A27572B6600AA01A7 /* SceneDelegate.swift */,
				21E0569127572B6700AA01A7 /* Assets.xcassets */,
			);
			path = "Supporting Files";
			sourceTree = "<group>";
		};
		21E0567C27572B6600AA01A7 = {
			isa = PBXGroup;
			children = (
				21A8BDB7275C0E8B00F7BD54 /* Images */,
				21A8BD3F2759F5CB00F7BD54 /* README.md */,
				21E0568727572B6600AA01A7 /* TheGameApp */,
				21E0569E27572B6800AA01A7 /* TheGameAppTests */,
				21E056A827572B6800AA01A7 /* TheGameAppUITests */,
				21E0568627572B6600AA01A7 /* Products */,
				BA8E0A969550D69111CFDFF4 /* Pods */,
				82D6FA0821499C79BDC809DD /* Frameworks */,
			);
			sourceTree = "<group>";
		};
		21E0568627572B6600AA01A7 /* Products */ = {
			isa = PBXGroup;
			children = (
				21E0568527572B6600AA01A7 /* TheGameApp.app */,
				21E0569B27572B6800AA01A7 /* TheGameAppTests.xctest */,
				21E056A527572B6800AA01A7 /* TheGameAppUITests.xctest */,
			);
			name = Products;
			sourceTree = "<group>";
		};
		21E0568727572B6600AA01A7 /* TheGameApp */ = {
			isa = PBXGroup;
			children = (
				21E0569627572B6700AA01A7 /* Info.plist */,
				21A8BD3C2759C3F000F7BD54 /* GameManager */,
				21A8BD392758BCA800F7BD54 /* ViewModel */,
				21A8BD332758AD0200F7BD54 /* Custom Controls */,
				21A8BCE52757582500F7BD54 /* Constants */,
				21A8BDE4275DD32800F7BD54 /* Supporting Files */,
				21A8BCDE27574FFA00F7BD54 /* Model */,
				21E056BA27572F1300AA01A7 /* Services */,
				21A8BCDD27574F4E00F7BD54 /* Controllers */,
				21A8BCEA27575C6400F7BD54 /* Views */,
			);
			path = TheGameApp;
			sourceTree = "<group>";
		};
		21E0569E27572B6800AA01A7 /* TheGameAppTests */ = {
			isa = PBXGroup;
			children = (
				21E0569F27572B6800AA01A7 /* TheGameAppTests.swift */,
				21A8BDB4275C03D300F7BD54 /* MockURLSession.swift */,
			);
			path = TheGameAppTests;
			sourceTree = "<group>";
		};
		21E056A827572B6800AA01A7 /* TheGameAppUITests */ = {
			isa = PBXGroup;
			children = (
				21E056A927572B6800AA01A7 /* TheGameAppUITests.swift */,
				21E056AB27572B6800AA01A7 /* TheGameAppUITestsLaunchTests.swift */,
			);
			path = TheGameAppUITests;
			sourceTree = "<group>";
		};
		21E056BA27572F1300AA01A7 /* Services */ = {
			isa = PBXGroup;
			children = (
				21E056B827572F0E00AA01A7 /* APICaller.swift */,
			);
			path = Services;
			sourceTree = "<group>";
		};
		82D6FA0821499C79BDC809DD /* Frameworks */ = {
			isa = PBXGroup;
			children = (
				BBD5A3064E82F06AB4E97E94 /* Pods_TheGameApp.framework */,
				E8C570E1FF77B64302EEE0A1 /* Pods_TheGameApp_TheGameAppUITests.framework */,
				B0445DC4F55D61D850EADE6C /* Pods_TheGameAppTests.framework */,
			);
			name = Frameworks;
			sourceTree = "<group>";
		};
		BA8E0A969550D69111CFDFF4 /* Pods */ = {
			isa = PBXGroup;
			children = (
				DBABD4C47D04AD837C086997 /* Pods-TheGameApp.debug.xcconfig */,
				B1058C95F184FE3CA71723D7 /* Pods-TheGameApp.release.xcconfig */,
				C1F78D561E56386E571CE761 /* Pods-TheGameApp-TheGameAppUITests.debug.xcconfig */,
				ABA6B13DF20FE9A80AACA4CF /* Pods-TheGameApp-TheGameAppUITests.release.xcconfig */,
				97F552C6C785C33CEEDA0129 /* Pods-TheGameAppTests.debug.xcconfig */,
				20344977BD6BA99C9ADFE49E /* Pods-TheGameAppTests.release.xcconfig */,
			);
			path = Pods;
			sourceTree = "<group>";
		};
/* End PBXGroup section */

/* Begin PBXNativeTarget section */
		21E0568427572B6600AA01A7 /* TheGameApp */ = {
			isa = PBXNativeTarget;
			buildConfigurationList = 21E056AF27572B6800AA01A7 /* Build configuration list for PBXNativeTarget "TheGameApp" */;
			buildPhases = (
				4D0842888C812DEE90B2185E /* [CP] Check Pods Manifest.lock */,
				21E0568127572B6600AA01A7 /* Sources */,
				21E0568227572B6600AA01A7 /* Frameworks */,
				21E0568327572B6600AA01A7 /* Resources */,
				AA85C262A8422AFA70F3039B /* [CP] Embed Pods Frameworks */,
			);
			buildRules = (
			);
			dependencies = (
			);
			name = TheGameApp;
			productName = TheGameApp;
			productReference = 21E0568527572B6600AA01A7 /* TheGameApp.app */;
			productType = "com.apple.product-type.application";
		};
		21E0569A27572B6800AA01A7 /* TheGameAppTests */ = {
			isa = PBXNativeTarget;
			buildConfigurationList = 21E056B227572B6800AA01A7 /* Build configuration list for PBXNativeTarget "TheGameAppTests" */;
			buildPhases = (
				714B305BA79ABE96F64B3B5C /* [CP] Check Pods Manifest.lock */,
				21E0569727572B6800AA01A7 /* Sources */,
				21E0569827572B6800AA01A7 /* Frameworks */,
				21E0569927572B6800AA01A7 /* Resources */,
			);
			buildRules = (
			);
			dependencies = (
				21E0569D27572B6800AA01A7 /* PBXTargetDependency */,
			);
			name = TheGameAppTests;
			productName = TheGameAppTests;
			productReference = 21E0569B27572B6800AA01A7 /* TheGameAppTests.xctest */;
			productType = "com.apple.product-type.bundle.unit-test";
		};
		21E056A427572B6800AA01A7 /* TheGameAppUITests */ = {
			isa = PBXNativeTarget;
			buildConfigurationList = 21E056B527572B6800AA01A7 /* Build configuration list for PBXNativeTarget "TheGameAppUITests" */;
			buildPhases = (
				FD85B12FF74B70672269BF7A /* [CP] Check Pods Manifest.lock */,
				21E056A127572B6800AA01A7 /* Sources */,
				21E056A227572B6800AA01A7 /* Frameworks */,
				21E056A327572B6800AA01A7 /* Resources */,
				F12297708A70A451E6CEA75D /* [CP] Embed Pods Frameworks */,
			);
			buildRules = (
			);
			dependencies = (
				21E056A727572B6800AA01A7 /* PBXTargetDependency */,
			);
			name = TheGameAppUITests;
			productName = TheGameAppUITests;
			productReference = 21E056A527572B6800AA01A7 /* TheGameAppUITests.xctest */;
			productType = "com.apple.product-type.bundle.ui-testing";
		};
/* End PBXNativeTarget section */

/* Begin PBXProject section */
		21E0567D27572B6600AA01A7 /* Project object */ = {
			isa = PBXProject;
			attributes = {
				BuildIndependentTargetsInParallel = 1;
				LastSwiftUpdateCheck = 1310;
				LastUpgradeCheck = 1310;
				TargetAttributes = {
					21E0568427572B6600AA01A7 = {
						CreatedOnToolsVersion = 13.1;
					};
					21E0569A27572B6800AA01A7 = {
						CreatedOnToolsVersion = 13.1;
						TestTargetID = 21E0568427572B6600AA01A7;
					};
					21E056A427572B6800AA01A7 = {
						CreatedOnToolsVersion = 13.1;
						TestTargetID = 21E0568427572B6600AA01A7;
					};
				};
			};
			buildConfigurationList = 21E0568027572B6600AA01A7 /* Build configuration list for PBXProject "TheGameApp" */;
			compatibilityVersion = "Xcode 13.0";
			developmentRegion = en;
			hasScannedForEncodings = 0;
			knownRegions = (
				en,
				Base,
			);
			mainGroup = 21E0567C27572B6600AA01A7;
			productRefGroup = 21E0568627572B6600AA01A7 /* Products */;
			projectDirPath = "";
			projectRoot = "";
			targets = (
				21E0568427572B6600AA01A7 /* TheGameApp */,
				21E0569A27572B6800AA01A7 /* TheGameAppTests */,
				21E056A427572B6800AA01A7 /* TheGameAppUITests */,
			);
		};
/* End PBXProject section */

/* Begin PBXResourcesBuildPhase section */
		21E0568327572B6600AA01A7 /* Resources */ = {
			isa = PBXResourcesBuildPhase;
			buildActionMask = 2147483647;
			files = (
				21070C1E275EF061008CE7AF /* image4.png in Resources */,
				21E0569527572B6700AA01A7 /* LaunchScreen.storyboard in Resources */,
				21A8BDBE275C0FE200F7BD54 /* image1.png in Resources */,
				21A8BCEE27575CAB00F7BD54 /* LineTableViewCell.xib in Resources */,
				21A8BDBC275C0FE200F7BD54 /* image2.png in Resources */,
				21A8BD402759F5CB00F7BD54 /* README.md in Resources */,
				21E0569227572B6700AA01A7 /* Assets.xcassets in Resources */,
				21A8BDBD275C0FE200F7BD54 /* image3.png in Resources */,
				21E0569027572B6600AA01A7 /* Main.storyboard in Resources */,
			);
			runOnlyForDeploymentPostprocessing = 0;
		};
		21E0569927572B6800AA01A7 /* Resources */ = {
			isa = PBXResourcesBuildPhase;
			buildActionMask = 2147483647;
			files = (
			);
			runOnlyForDeploymentPostprocessing = 0;
		};
		21E056A327572B6800AA01A7 /* Resources */ = {
			isa = PBXResourcesBuildPhase;
			buildActionMask = 2147483647;
			files = (
			);
			runOnlyForDeploymentPostprocessing = 0;
		};
/* End PBXResourcesBuildPhase section */

/* Begin PBXShellScriptBuildPhase section */
		4D0842888C812DEE90B2185E /* [CP] Check Pods Manifest.lock */ = {
			isa = PBXShellScriptBuildPhase;
			buildActionMask = 2147483647;
			files = (
			);
			inputFileListPaths = (
			);
			inputPaths = (
				"${PODS_PODFILE_DIR_PATH}/Podfile.lock",
				"${PODS_ROOT}/Manifest.lock",
			);
			name = "[CP] Check Pods Manifest.lock";
			outputFileListPaths = (
			);
			outputPaths = (
				"$(DERIVED_FILE_DIR)/Pods-TheGameApp-checkManifestLockResult.txt",
			);
			runOnlyForDeploymentPostprocessing = 0;
			shellPath = /bin/sh;
			shellScript = "diff \"${PODS_PODFILE_DIR_PATH}/Podfile.lock\" \"${PODS_ROOT}/Manifest.lock\" > /dev/null\nif [ $? != 0 ] ; then\n    # print error to STDERR\n    echo \"error: The sandbox is not in sync with the Podfile.lock. Run 'pod install' or update your CocoaPods installation.\" >&2\n    exit 1\nfi\n# This output is used by Xcode 'outputs' to avoid re-running this script phase.\necho \"SUCCESS\" > \"${SCRIPT_OUTPUT_FILE_0}\"\n";
			showEnvVarsInLog = 0;
		};
		714B305BA79ABE96F64B3B5C /* [CP] Check Pods Manifest.lock */ = {
			isa = PBXShellScriptBuildPhase;
			buildActionMask = 2147483647;
			files = (
			);
			inputFileListPaths = (
			);
			inputPaths = (
				"${PODS_PODFILE_DIR_PATH}/Podfile.lock",
				"${PODS_ROOT}/Manifest.lock",
			);
			name = "[CP] Check Pods Manifest.lock";
			outputFileListPaths = (
			);
			outputPaths = (
				"$(DERIVED_FILE_DIR)/Pods-TheGameAppTests-checkManifestLockResult.txt",
			);
			runOnlyForDeploymentPostprocessing = 0;
			shellPath = /bin/sh;
			shellScript = "diff \"${PODS_PODFILE_DIR_PATH}/Podfile.lock\" \"${PODS_ROOT}/Manifest.lock\" > /dev/null\nif [ $? != 0 ] ; then\n    # print error to STDERR\n    echo \"error: The sandbox is not in sync with the Podfile.lock. Run 'pod install' or update your CocoaPods installation.\" >&2\n    exit 1\nfi\n# This output is used by Xcode 'outputs' to avoid re-running this script phase.\necho \"SUCCESS\" > \"${SCRIPT_OUTPUT_FILE_0}\"\n";
			showEnvVarsInLog = 0;
		};
		AA85C262A8422AFA70F3039B /* [CP] Embed Pods Frameworks */ = {
			isa = PBXShellScriptBuildPhase;
			buildActionMask = 2147483647;
			files = (
			);
			inputFileListPaths = (
				"${PODS_ROOT}/Target Support Files/Pods-TheGameApp/Pods-TheGameApp-frameworks-${CONFIGURATION}-input-files.xcfilelist",
			);
			name = "[CP] Embed Pods Frameworks";
			outputFileListPaths = (
				"${PODS_ROOT}/Target Support Files/Pods-TheGameApp/Pods-TheGameApp-frameworks-${CONFIGURATION}-output-files.xcfilelist",
			);
			runOnlyForDeploymentPostprocessing = 0;
			shellPath = /bin/sh;
			shellScript = "\"${PODS_ROOT}/Target Support Files/Pods-TheGameApp/Pods-TheGameApp-frameworks.sh\"\n";
			showEnvVarsInLog = 0;
		};
		F12297708A70A451E6CEA75D /* [CP] Embed Pods Frameworks */ = {
			isa = PBXShellScriptBuildPhase;
			buildActionMask = 2147483647;
			files = (
			);
			inputFileListPaths = (
				"${PODS_ROOT}/Target Support Files/Pods-TheGameApp-TheGameAppUITests/Pods-TheGameApp-TheGameAppUITests-frameworks-${CONFIGURATION}-input-files.xcfilelist",
			);
			name = "[CP] Embed Pods Frameworks";
			outputFileListPaths = (
				"${PODS_ROOT}/Target Support Files/Pods-TheGameApp-TheGameAppUITests/Pods-TheGameApp-TheGameAppUITests-frameworks-${CONFIGURATION}-output-files.xcfilelist",
			);
			runOnlyForDeploymentPostprocessing = 0;
			shellPath = /bin/sh;
			shellScript = "\"${PODS_ROOT}/Target Support Files/Pods-TheGameApp-TheGameAppUITests/Pods-TheGameApp-TheGameAppUITests-frameworks.sh\"\n";
			showEnvVarsInLog = 0;
		};
		FD85B12FF74B70672269BF7A /* [CP] Check Pods Manifest.lock */ = {
			isa = PBXShellScriptBuildPhase;
			buildActionMask = 2147483647;
			files = (
			);
			inputFileListPaths = (
			);
			inputPaths = (
				"${PODS_PODFILE_DIR_PATH}/Podfile.lock",
				"${PODS_ROOT}/Manifest.lock",
			);
			name = "[CP] Check Pods Manifest.lock";
			outputFileListPaths = (
			);
			outputPaths = (
				"$(DERIVED_FILE_DIR)/Pods-TheGameApp-TheGameAppUITests-checkManifestLockResult.txt",
			);
			runOnlyForDeploymentPostprocessing = 0;
			shellPath = /bin/sh;
			shellScript = "diff \"${PODS_PODFILE_DIR_PATH}/Podfile.lock\" \"${PODS_ROOT}/Manifest.lock\" > /dev/null\nif [ $? != 0 ] ; then\n    # print error to STDERR\n    echo \"error: The sandbox is not in sync with the Podfile.lock. Run 'pod install' or update your CocoaPods installation.\" >&2\n    exit 1\nfi\n# This output is used by Xcode 'outputs' to avoid re-running this script phase.\necho \"SUCCESS\" > \"${SCRIPT_OUTPUT_FILE_0}\"\n";
			showEnvVarsInLog = 0;
		};
/* End PBXShellScriptBuildPhase section */

/* Begin PBXSourcesBuildPhase section */
		21E0568127572B6600AA01A7 /* Sources */ = {
			isa = PBXSourcesBuildPhase;
			buildActionMask = 2147483647;
			files = (
				21A8BCED27575CAB00F7BD54 /* LineTableViewCellArchived.swift in Sources */,
				21A8BD372758AF2E00F7BD54 /* LineTableViewCell.swift in Sources */,
				21A8BD352758AD1900F7BD54 /* BounceButton.swift in Sources */,
				21A8BD44275AD59A00F7BD54 /* GameViewModel.swift in Sources */,
				21E0568D27572B6600AA01A7 /* MainViewController.swift in Sources */,
				21E0568927572B6600AA01A7 /* AppDelegate.swift in Sources */,
				21E0568B27572B6600AA01A7 /* SceneDelegate.swift in Sources */,
				21A8BD3B2758BCE700F7BD54 /* LineViewModel.swift in Sources */,
				21A8BCE02757508500F7BD54 /* LandingViewController.swift in Sources */,
				21E056B927572F0E00AA01A7 /* APICaller.swift in Sources */,
				21A8BD42275ACF9F00F7BD54 /* Game.swift in Sources */,
				21A8BCE4275755E300F7BD54 /* Line.swift in Sources */,
				21A8BCE2275752CD00F7BD54 /* SettingsViewController.swift in Sources */,
				21A8BCE92757584500F7BD54 /* Constants.swift in Sources */,
				21A8BDE6275DEFB400F7BD54 /* Position.swift in Sources */,
				21A8BD3E2759C40200F7BD54 /* GameManager.swift in Sources */,
			);
			runOnlyForDeploymentPostprocessing = 0;
		};
		21E0569727572B6800AA01A7 /* Sources */ = {
			isa = PBXSourcesBuildPhase;
			buildActionMask = 2147483647;
			files = (
				21A8BDB5275C03D300F7BD54 /* MockURLSession.swift in Sources */,
				21E056A027572B6800AA01A7 /* TheGameAppTests.swift in Sources */,
			);
			runOnlyForDeploymentPostprocessing = 0;
		};
		21E056A127572B6800AA01A7 /* Sources */ = {
			isa = PBXSourcesBuildPhase;
			buildActionMask = 2147483647;
			files = (
				21E056AC27572B6800AA01A7 /* TheGameAppUITestsLaunchTests.swift in Sources */,
				21E056AA27572B6800AA01A7 /* TheGameAppUITests.swift in Sources */,
			);
			runOnlyForDeploymentPostprocessing = 0;
		};
/* End PBXSourcesBuildPhase section */

/* Begin PBXTargetDependency section */
		21E0569D27572B6800AA01A7 /* PBXTargetDependency */ = {
			isa = PBXTargetDependency;
			target = 21E0568427572B6600AA01A7 /* TheGameApp */;
			targetProxy = 21E0569C27572B6800AA01A7 /* PBXContainerItemProxy */;
		};
		21E056A727572B6800AA01A7 /* PBXTargetDependency */ = {
			isa = PBXTargetDependency;
			target = 21E0568427572B6600AA01A7 /* TheGameApp */;
			targetProxy = 21E056A627572B6800AA01A7 /* PBXContainerItemProxy */;
		};
/* End PBXTargetDependency section */

/* Begin PBXVariantGroup section */
		21E0568E27572B6600AA01A7 /* Main.storyboard */ = {
			isa = PBXVariantGroup;
			children = (
				21E0568F27572B6600AA01A7 /* Base */,
			);
			name = Main.storyboard;
			sourceTree = "<group>";
		};
		21E0569327572B6700AA01A7 /* LaunchScreen.storyboard */ = {
			isa = PBXVariantGroup;
			children = (
				21E0569427572B6700AA01A7 /* Base */,
			);
			name = LaunchScreen.storyboard;
			sourceTree = "<group>";
		};
/* End PBXVariantGroup section */

/* Begin XCBuildConfiguration section */
		21E056AD27572B6800AA01A7 /* Debug */ = {
			isa = XCBuildConfiguration;
			buildSettings = {
				ALWAYS_SEARCH_USER_PATHS = NO;
				CLANG_ANALYZER_NONNULL = YES;
				CLANG_ANALYZER_NUMBER_OBJECT_CONVERSION = YES_AGGRESSIVE;
				CLANG_CXX_LANGUAGE_STANDARD = "gnu++17";
				CLANG_CXX_LIBRARY = "libc++";
				CLANG_ENABLE_MODULES = YES;
				CLANG_ENABLE_OBJC_ARC = YES;
				CLANG_ENABLE_OBJC_WEAK = YES;
				CLANG_WARN_BLOCK_CAPTURE_AUTORELEASING = YES;
				CLANG_WARN_BOOL_CONVERSION = YES;
				CLANG_WARN_COMMA = YES;
				CLANG_WARN_CONSTANT_CONVERSION = YES;
				CLANG_WARN_DEPRECATED_OBJC_IMPLEMENTATIONS = YES;
				CLANG_WARN_DIRECT_OBJC_ISA_USAGE = YES_ERROR;
				CLANG_WARN_DOCUMENTATION_COMMENTS = YES;
				CLANG_WARN_EMPTY_BODY = YES;
				CLANG_WARN_ENUM_CONVERSION = YES;
				CLANG_WARN_INFINITE_RECURSION = YES;
				CLANG_WARN_INT_CONVERSION = YES;
				CLANG_WARN_NON_LITERAL_NULL_CONVERSION = YES;
				CLANG_WARN_OBJC_IMPLICIT_RETAIN_SELF = YES;
				CLANG_WARN_OBJC_LITERAL_CONVERSION = YES;
				CLANG_WARN_OBJC_ROOT_CLASS = YES_ERROR;
				CLANG_WARN_QUOTED_INCLUDE_IN_FRAMEWORK_HEADER = YES;
				CLANG_WARN_RANGE_LOOP_ANALYSIS = YES;
				CLANG_WARN_STRICT_PROTOTYPES = YES;
				CLANG_WARN_SUSPICIOUS_MOVE = YES;
				CLANG_WARN_UNGUARDED_AVAILABILITY = YES_AGGRESSIVE;
				CLANG_WARN_UNREACHABLE_CODE = YES;
				CLANG_WARN__DUPLICATE_METHOD_MATCH = YES;
				COPY_PHASE_STRIP = NO;
				DEBUG_INFORMATION_FORMAT = dwarf;
				ENABLE_STRICT_OBJC_MSGSEND = YES;
				ENABLE_TESTABILITY = YES;
				GCC_C_LANGUAGE_STANDARD = gnu11;
				GCC_DYNAMIC_NO_PIC = NO;
				GCC_NO_COMMON_BLOCKS = YES;
				GCC_OPTIMIZATION_LEVEL = 0;
				GCC_PREPROCESSOR_DEFINITIONS = (
					"DEBUG=1",
					"$(inherited)",
				);
				GCC_WARN_64_TO_32_BIT_CONVERSION = YES;
				GCC_WARN_ABOUT_RETURN_TYPE = YES_ERROR;
				GCC_WARN_UNDECLARED_SELECTOR = YES;
				GCC_WARN_UNINITIALIZED_AUTOS = YES_AGGRESSIVE;
				GCC_WARN_UNUSED_FUNCTION = YES;
				GCC_WARN_UNUSED_VARIABLE = YES;
				IPHONEOS_DEPLOYMENT_TARGET = 15.0;
				MTL_ENABLE_DEBUG_INFO = INCLUDE_SOURCE;
				MTL_FAST_MATH = YES;
				ONLY_ACTIVE_ARCH = YES;
				SDKROOT = iphoneos;
				SWIFT_ACTIVE_COMPILATION_CONDITIONS = DEBUG;
				SWIFT_OPTIMIZATION_LEVEL = "-Onone";
			};
			name = Debug;
		};
		21E056AE27572B6800AA01A7 /* Release */ = {
			isa = XCBuildConfiguration;
			buildSettings = {
				ALWAYS_SEARCH_USER_PATHS = NO;
				CLANG_ANALYZER_NONNULL = YES;
				CLANG_ANALYZER_NUMBER_OBJECT_CONVERSION = YES_AGGRESSIVE;
				CLANG_CXX_LANGUAGE_STANDARD = "gnu++17";
				CLANG_CXX_LIBRARY = "libc++";
				CLANG_ENABLE_MODULES = YES;
				CLANG_ENABLE_OBJC_ARC = YES;
				CLANG_ENABLE_OBJC_WEAK = YES;
				CLANG_WARN_BLOCK_CAPTURE_AUTORELEASING = YES;
				CLANG_WARN_BOOL_CONVERSION = YES;
				CLANG_WARN_COMMA = YES;
				CLANG_WARN_CONSTANT_CONVERSION = YES;
				CLANG_WARN_DEPRECATED_OBJC_IMPLEMENTATIONS = YES;
				CLANG_WARN_DIRECT_OBJC_ISA_USAGE = YES_ERROR;
				CLANG_WARN_DOCUMENTATION_COMMENTS = YES;
				CLANG_WARN_EMPTY_BODY = YES;
				CLANG_WARN_ENUM_CONVERSION = YES;
				CLANG_WARN_INFINITE_RECURSION = YES;
				CLANG_WARN_INT_CONVERSION = YES;
				CLANG_WARN_NON_LITERAL_NULL_CONVERSION = YES;
				CLANG_WARN_OBJC_IMPLICIT_RETAIN_SELF = YES;
				CLANG_WARN_OBJC_LITERAL_CONVERSION = YES;
				CLANG_WARN_OBJC_ROOT_CLASS = YES_ERROR;
				CLANG_WARN_QUOTED_INCLUDE_IN_FRAMEWORK_HEADER = YES;
				CLANG_WARN_RANGE_LOOP_ANALYSIS = YES;
				CLANG_WARN_STRICT_PROTOTYPES = YES;
				CLANG_WARN_SUSPICIOUS_MOVE = YES;
				CLANG_WARN_UNGUARDED_AVAILABILITY = YES_AGGRESSIVE;
				CLANG_WARN_UNREACHABLE_CODE = YES;
				CLANG_WARN__DUPLICATE_METHOD_MATCH = YES;
				COPY_PHASE_STRIP = NO;
				DEBUG_INFORMATION_FORMAT = "dwarf-with-dsym";
				ENABLE_NS_ASSERTIONS = NO;
				ENABLE_STRICT_OBJC_MSGSEND = YES;
				GCC_C_LANGUAGE_STANDARD = gnu11;
				GCC_NO_COMMON_BLOCKS = YES;
				GCC_WARN_64_TO_32_BIT_CONVERSION = YES;
				GCC_WARN_ABOUT_RETURN_TYPE = YES_ERROR;
				GCC_WARN_UNDECLARED_SELECTOR = YES;
				GCC_WARN_UNINITIALIZED_AUTOS = YES_AGGRESSIVE;
				GCC_WARN_UNUSED_FUNCTION = YES;
				GCC_WARN_UNUSED_VARIABLE = YES;
				IPHONEOS_DEPLOYMENT_TARGET = 15.0;
				MTL_ENABLE_DEBUG_INFO = NO;
				MTL_FAST_MATH = YES;
				SDKROOT = iphoneos;
				SWIFT_COMPILATION_MODE = wholemodule;
				SWIFT_OPTIMIZATION_LEVEL = "-O";
				VALIDATE_PRODUCT = YES;
			};
			name = Release;
		};
		21E056B027572B6800AA01A7 /* Debug */ = {
			isa = XCBuildConfiguration;
			baseConfigurationReference = DBABD4C47D04AD837C086997 /* Pods-TheGameApp.debug.xcconfig */;
			buildSettings = {
				ASSETCATALOG_COMPILER_APPICON_NAME = AppIcon;
				ASSETCATALOG_COMPILER_GLOBAL_ACCENT_COLOR_NAME = AccentColor;
				CODE_SIGN_STYLE = Automatic;
				CURRENT_PROJECT_VERSION = 1;
				DEVELOPMENT_TEAM = QLJ84Q3ZSY;
				GENERATE_INFOPLIST_FILE = YES;
				INFOPLIST_FILE = TheGameApp/Info.plist;
				INFOPLIST_KEY_UIApplicationSupportsIndirectInputEvents = YES;
				INFOPLIST_KEY_UILaunchStoryboardName = LaunchScreen;
				INFOPLIST_KEY_UIMainStoryboardFile = Main;
				INFOPLIST_KEY_UISupportedInterfaceOrientations_iPad = "UIInterfaceOrientationPortrait UIInterfaceOrientationPortraitUpsideDown UIInterfaceOrientationLandscapeLeft UIInterfaceOrientationLandscapeRight";
				INFOPLIST_KEY_UISupportedInterfaceOrientations_iPhone = "UIInterfaceOrientationPortrait UIInterfaceOrientationLandscapeLeft UIInterfaceOrientationLandscapeRight";
				LD_RUNPATH_SEARCH_PATHS = (
					"$(inherited)",
					"@executable_path/Frameworks",
				);
				MARKETING_VERSION = 1.0;
				PRODUCT_BUNDLE_IDENTIFIER = com.aveldanov.TheGameApp;
				PRODUCT_NAME = "$(TARGET_NAME)";
				SWIFT_EMIT_LOC_STRINGS = YES;
				SWIFT_VERSION = 5.0;
				TARGETED_DEVICE_FAMILY = "1,2";
			};
			name = Debug;
		};
		21E056B127572B6800AA01A7 /* Release */ = {
			isa = XCBuildConfiguration;
			baseConfigurationReference = B1058C95F184FE3CA71723D7 /* Pods-TheGameApp.release.xcconfig */;
			buildSettings = {
				ASSETCATALOG_COMPILER_APPICON_NAME = AppIcon;
				ASSETCATALOG_COMPILER_GLOBAL_ACCENT_COLOR_NAME = AccentColor;
				CODE_SIGN_STYLE = Automatic;
				CURRENT_PROJECT_VERSION = 1;
				DEVELOPMENT_TEAM = QLJ84Q3ZSY;
				GENERATE_INFOPLIST_FILE = YES;
				INFOPLIST_FILE = TheGameApp/Info.plist;
				INFOPLIST_KEY_UIApplicationSupportsIndirectInputEvents = YES;
				INFOPLIST_KEY_UILaunchStoryboardName = LaunchScreen;
				INFOPLIST_KEY_UIMainStoryboardFile = Main;
				INFOPLIST_KEY_UISupportedInterfaceOrientations_iPad = "UIInterfaceOrientationPortrait UIInterfaceOrientationPortraitUpsideDown UIInterfaceOrientationLandscapeLeft UIInterfaceOrientationLandscapeRight";
				INFOPLIST_KEY_UISupportedInterfaceOrientations_iPhone = "UIInterfaceOrientationPortrait UIInterfaceOrientationLandscapeLeft UIInterfaceOrientationLandscapeRight";
				LD_RUNPATH_SEARCH_PATHS = (
					"$(inherited)",
					"@executable_path/Frameworks",
				);
				MARKETING_VERSION = 1.0;
				PRODUCT_BUNDLE_IDENTIFIER = com.aveldanov.TheGameApp;
				PRODUCT_NAME = "$(TARGET_NAME)";
				SWIFT_EMIT_LOC_STRINGS = YES;
				SWIFT_VERSION = 5.0;
				TARGETED_DEVICE_FAMILY = "1,2";
			};
			name = Release;
		};
		21E056B327572B6800AA01A7 /* Debug */ = {
			isa = XCBuildConfiguration;
			baseConfigurationReference = 97F552C6C785C33CEEDA0129 /* Pods-TheGameAppTests.debug.xcconfig */;
			buildSettings = {
				ALWAYS_EMBED_SWIFT_STANDARD_LIBRARIES = YES;
				BUNDLE_LOADER = "$(TEST_HOST)";
				CODE_SIGN_STYLE = Automatic;
				CURRENT_PROJECT_VERSION = 1;
				DEVELOPMENT_TEAM = QLJ84Q3ZSY;
				GENERATE_INFOPLIST_FILE = YES;
				IPHONEOS_DEPLOYMENT_TARGET = 15.0;
				LD_RUNPATH_SEARCH_PATHS = (
					"$(inherited)",
					"@executable_path/Frameworks",
					"@loader_path/Frameworks",
				);
				MARKETING_VERSION = 1.0;
				PRODUCT_BUNDLE_IDENTIFIER = com.aveldanov.TheGameAppTests;
				PRODUCT_NAME = "$(TARGET_NAME)";
				SWIFT_EMIT_LOC_STRINGS = NO;
				SWIFT_VERSION = 5.0;
				TARGETED_DEVICE_FAMILY = "1,2";
				TEST_HOST = "$(BUILT_PRODUCTS_DIR)/TheGameApp.app/TheGameApp";
			};
			name = Debug;
		};
		21E056B427572B6800AA01A7 /* Release */ = {
			isa = XCBuildConfiguration;
			baseConfigurationReference = 20344977BD6BA99C9ADFE49E /* Pods-TheGameAppTests.release.xcconfig */;
			buildSettings = {
				ALWAYS_EMBED_SWIFT_STANDARD_LIBRARIES = YES;
				BUNDLE_LOADER = "$(TEST_HOST)";
				CODE_SIGN_STYLE = Automatic;
				CURRENT_PROJECT_VERSION = 1;
				DEVELOPMENT_TEAM = QLJ84Q3ZSY;
				GENERATE_INFOPLIST_FILE = YES;
				IPHONEOS_DEPLOYMENT_TARGET = 15.0;
				LD_RUNPATH_SEARCH_PATHS = (
					"$(inherited)",
					"@executable_path/Frameworks",
					"@loader_path/Frameworks",
				);
				MARKETING_VERSION = 1.0;
				PRODUCT_BUNDLE_IDENTIFIER = com.aveldanov.TheGameAppTests;
				PRODUCT_NAME = "$(TARGET_NAME)";
				SWIFT_EMIT_LOC_STRINGS = NO;
				SWIFT_VERSION = 5.0;
				TARGETED_DEVICE_FAMILY = "1,2";
				TEST_HOST = "$(BUILT_PRODUCTS_DIR)/TheGameApp.app/TheGameApp";
			};
			name = Release;
		};
		21E056B627572B6800AA01A7 /* Debug */ = {
			isa = XCBuildConfiguration;
			baseConfigurationReference = C1F78D561E56386E571CE761 /* Pods-TheGameApp-TheGameAppUITests.debug.xcconfig */;
			buildSettings = {
				ALWAYS_EMBED_SWIFT_STANDARD_LIBRARIES = YES;
				CODE_SIGN_STYLE = Automatic;
				CURRENT_PROJECT_VERSION = 1;
				DEVELOPMENT_TEAM = QLJ84Q3ZSY;
				GENERATE_INFOPLIST_FILE = YES;
				LD_RUNPATH_SEARCH_PATHS = (
					"$(inherited)",
					"@executable_path/Frameworks",
					"@loader_path/Frameworks",
				);
				MARKETING_VERSION = 1.0;
				PRODUCT_BUNDLE_IDENTIFIER = com.aveldanov.TheGameAppUITests;
				PRODUCT_NAME = "$(TARGET_NAME)";
				SWIFT_EMIT_LOC_STRINGS = NO;
				SWIFT_VERSION = 5.0;
				TARGETED_DEVICE_FAMILY = "1,2";
				TEST_TARGET_NAME = TheGameApp;
			};
			name = Debug;
		};
		21E056B727572B6800AA01A7 /* Release */ = {
			isa = XCBuildConfiguration;
			baseConfigurationReference = ABA6B13DF20FE9A80AACA4CF /* Pods-TheGameApp-TheGameAppUITests.release.xcconfig */;
			buildSettings = {
				ALWAYS_EMBED_SWIFT_STANDARD_LIBRARIES = YES;
				CODE_SIGN_STYLE = Automatic;
				CURRENT_PROJECT_VERSION = 1;
				DEVELOPMENT_TEAM = QLJ84Q3ZSY;
				GENERATE_INFOPLIST_FILE = YES;
				LD_RUNPATH_SEARCH_PATHS = (
					"$(inherited)",
					"@executable_path/Frameworks",
					"@loader_path/Frameworks",
				);
				MARKETING_VERSION = 1.0;
				PRODUCT_BUNDLE_IDENTIFIER = com.aveldanov.TheGameAppUITests;
				PRODUCT_NAME = "$(TARGET_NAME)";
				SWIFT_EMIT_LOC_STRINGS = NO;
				SWIFT_VERSION = 5.0;
				TARGETED_DEVICE_FAMILY = "1,2";
				TEST_TARGET_NAME = TheGameApp;
			};
			name = Release;
		};
/* End XCBuildConfiguration section */

/* Begin XCConfigurationList section */
		21E0568027572B6600AA01A7 /* Build configuration list for PBXProject "TheGameApp" */ = {
			isa = XCConfigurationList;
			buildConfigurations = (
				21E056AD27572B6800AA01A7 /* Debug */,
				21E056AE27572B6800AA01A7 /* Release */,
			);
			defaultConfigurationIsVisible = 0;
			defaultConfigurationName = Release;
		};
		21E056AF27572B6800AA01A7 /* Build configuration list for PBXNativeTarget "TheGameApp" */ = {
			isa = XCConfigurationList;
			buildConfigurations = (
				21E056B027572B6800AA01A7 /* Debug */,
				21E056B127572B6800AA01A7 /* Release */,
			);
			defaultConfigurationIsVisible = 0;
			defaultConfigurationName = Release;
		};
		21E056B227572B6800AA01A7 /* Build configuration list for PBXNativeTarget "TheGameAppTests" */ = {
			isa = XCConfigurationList;
			buildConfigurations = (
				21E056B327572B6800AA01A7 /* Debug */,
				21E056B427572B6800AA01A7 /* Release */,
			);
			defaultConfigurationIsVisible = 0;
			defaultConfigurationName = Release;
		};
		21E056B527572B6800AA01A7 /* Build configuration list for PBXNativeTarget "TheGameAppUITests" */ = {
			isa = XCConfigurationList;
			buildConfigurations = (
				21E056B627572B6800AA01A7 /* Debug */,
				21E056B727572B6800AA01A7 /* Release */,
			);
			defaultConfigurationIsVisible = 0;
			defaultConfigurationName = Release;
		};
/* End XCConfigurationList section */
	};
	rootObject = 21E0567D27572B6600AA01A7 /* Project object */;
}
